{
  "version": 4,
  "terraform_version": "0.12.3",
  "serial": 4,
  "lineage": "d5a48232-e739-3812-c52d-89d79381ea64",
  "outputs": {},
  "resources": [
    {
      "mode": "managed",
      "type": "google_compute_instance",
      "name": "default",
      "provider": "provider.google",
      "instances": [
        {
          "schema_version": 6,
          "attributes": {
            "allow_stopping_for_update": null,
            "attached_disk": [],
            "boot_disk": [
              {
                "auto_delete": true,
                "device_name": "persistent-disk-0",
                "disk_encryption_key_raw": "",
                "disk_encryption_key_sha256": "",
                "initialize_params": [
                  {
                    "image": "https://www.googleapis.com/compute/v1/projects/ubuntu-os-cloud/global/images/ubuntu-1604-xenial-v20170328",
                    "labels": {},
                    "size": 10,
                    "type": "pd-standard"
                  }
                ],
                "kms_key_self_link": "",
                "mode": "READ_WRITE",
                "source": "https://www.googleapis.com/compute/v1/projects/flask-app-211918-256610/zones/us-west1-b/disks/flask-vm-d139feba3fd6f7dd"
              }
            ],
            "can_ip_forward": false,
            "cpu_platform": "Intel Broadwell",
            "deletion_protection": false,
            "description": "",
            "disk": [],
            "guest_accelerator": [],
            "hostname": "",
            "id": "flask-vm-d139feba3fd6f7dd",
            "instance_id": "6114383537195130365",
            "label_fingerprint": "42WmSpB8rSM=",
            "labels": null,
            "machine_type": "f1-micro",
            "metadata": null,
            "metadata_fingerprint": "u1B6XqvzZ9Y=",
            "metadata_startup_script": "sudo apt-get update; sudo apt-get install -yq build-essential python-pip rsync; pip install flask",
            "min_cpu_platform": "",
            "name": "flask-vm-d139feba3fd6f7dd",
            "network_interface": [
              {
                "access_config": [
                  {
                    "assigned_nat_ip": "",
                    "nat_ip": "34.82.196.48",
                    "network_tier": "PREMIUM",
                    "public_ptr_domain_name": ""
                  }
                ],
                "address": "",
                "alias_ip_range": [],
                "name": "nic0",
                "network": "https://www.googleapis.com/compute/v1/projects/flask-app-211918-256610/global/networks/default",
                "network_ip": "10.138.0.7",
                "subnetwork": "https://www.googleapis.com/compute/v1/projects/flask-app-211918-256610/regions/us-west1/subnetworks/default",
                "subnetwork_project": "flask-app-211918-256610"
              }
            ],
            "project": "flask-app-211918-256610",
            "scheduling": [
              {
                "automatic_restart": true,
                "node_affinities": [],
                "on_host_maintenance": "MIGRATE",
                "preemptible": false
              }
            ],
            "scratch_disk": [],
            "self_link": "https://www.googleapis.com/compute/v1/projects/flask-app-211918-256610/zones/us-west1-b/instances/flask-vm-d139feba3fd6f7dd",
            "service_account": [],
            "shielded_instance_config": [],
            "tags": null,
            "tags_fingerprint": "42WmSpB8rSM=",
            "timeouts": null,
            "zone": "us-west1-b"
          },
          "private": "eyJlMmJmYjczMC1lY2FhLTExZTYtOGY4OC0zNDM2M2JjN2M0YzAiOnsiY3JlYXRlIjoxMjAwMDAwMDAwMDAwLCJkZWxldGUiOjEyMDAwMDAwMDAwMDAsInVwZGF0ZSI6MTIwMDAwMDAwMDAwMH0sInNjaGVtYV92ZXJzaW9uIjoiNiJ9",
          "depends_on": [
            "random_id.instance_id"
          ]
        }
      ]
    },
    {
      "mode": "managed",
      "type": "google_project_service",
      "name": "project",
      "provider": "provider.google",
      "instances": [
        {
          "schema_version": 0,
          "attributes": {
            "disable_dependent_services": true,
            "disable_on_destroy": true,
            "id": "flask-app-211918-256610/iam.googleapis.com",
            "project": "flask-app-211918-256610",
            "service": "iam.googleapis.com",
            "timeouts": null
          },
          "private": "eyJlMmJmYjczMC1lY2FhLTExZTYtOGY4OC0zNDM2M2JjN2M0YzAiOnsiY3JlYXRlIjoxMjAwMDAwMDAwMDAwLCJkZWxldGUiOjEyMDAwMDAwMDAwMDAsInJlYWQiOjYwMDAwMDAwMDAwMCwidXBkYXRlIjoxMjAwMDAwMDAwMDAwfX0="
        }
      ]
    },
    {
      "mode": "managed",
      "type": "random_id",
      "name": "instance_id",
      "provider": "provider.random",
      "instances": [
        {
          "schema_version": 0,
          "attributes": {
            "b64": "0Tn-uj_W990",
            "b64_std": "0Tn+uj/W990=",
            "b64_url": "0Tn-uj_W990",
            "byte_length": 8,
            "dec": "15076361303487870941",
            "hex": "d139feba3fd6f7dd",
            "id": "0Tn-uj_W990",
            "keepers": null,
            "prefix": null
          },
          "private": "bnVsbA=="
        }
      ]
    }
  ]
}
